<?xml version="1.0" encoding="UTF-8"?>
<CONFIG>
  <ProjectOptions>
    <Version Value="9"/>
    <General>
      <Flags>
        <SaveOnlyProjectUnits Value="True"/>
        <MainUnitHasUsesSectionForAllUnits Value="False"/>
        <MainUnitHasCreateFormStatements Value="False"/>
        <MainUnitHasTitleStatement Value="False"/>
        <Runnable Value="False"/>
        <LRSInOutputDirectory Value="False"/>
      </Flags>
      <MainUnit Value="0"/>
      <Title Value="__PROJNAME__"/>
      <UseAppBundle Value="False"/>
      <ResourceType Value="res"/>
      <ActiveWindowIndexAtStart Value="0"/>
    </General>
    <i18n>
      <EnableI18N LFM="False"/>
    </i18n>
    <VersionInfo>
      <StringTable ProductVersion=""/>
    </VersionInfo>
    <BuildModes Count="1" Active="Default">
      <Item1 Name="Default" Default="True"/>
    </BuildModes>
    <PublishOptions>
      <Version Value="2"/>
    </PublishOptions>
    <RunParams>
      <local>
        <FormatVersion Value="1"/>
      </local>
    </RunParams>
    <Units Count="13">
      <Unit0>
        <Filename Value="__PROJNAME__.lpr"/>
        <IsPartOfProject Value="True"/>
        <IsVisibleTab Value="True"/>
        <EditorIndex Value="12"/>
        <WindowIndex Value="0"/>
        <TopLine Value="86"/>
        <CursorPos X="33" Y="97"/>
        <UsageCount Value="20"/>
        <Loaded Value="True"/>
      </Unit0>
      <Unit1>
        <Filename Value="nokia1100_lcd.pas"/>
        <IsPartOfProject Value="True"/>
        <UnitName Value="Nokia1100_LCD"/>
        <EditorIndex Value="0"/>
        <WindowIndex Value="0"/>
        <TopLine Value="1"/>
        <CursorPos X="1" Y="1"/>
        <UsageCount Value="20"/>
        <Loaded Value="True"/>
      </Unit1>
      <Unit2>
        <Filename Value="hwserial.pas"/>
        <IsPartOfProject Value="True"/>
        <UnitName Value="HWSerial"/>
        <EditorIndex Value="1"/>
        <WindowIndex Value="0"/>
        <TopLine Value="1"/>
        <CursorPos X="1" Y="1"/>
        <UsageCount Value="20"/>
        <Loaded Value="True"/>
      </Unit2>
      <Unit3>
        <Filename Value="compiler_conf.ini"/>
        <IsPartOfProject Value="True"/>
        <EditorIndex Value="2"/>
        <WindowIndex Value="0"/>
        <TopLine Value="1"/>
        <CursorPos X="1" Y="1"/>
        <UsageCount Value="20"/>
        <Loaded Value="True"/>
        <DefaultSyntaxHighlighter Value="Ini"/>
      </Unit3>
      <Unit4>
        <Filename Value="hwtimer.pas"/>
        <IsPartOfProject Value="True"/>
        <UnitName Value="HWTimer"/>
        <EditorIndex Value="3"/>
        <WindowIndex Value="0"/>
        <TopLine Value="1"/>
        <CursorPos X="1" Y="1"/>
        <UsageCount Value="20"/>
        <Loaded Value="True"/>
      </Unit4>
      <Unit5>
        <Filename Value="stm32f103fw.pas"/>
        <IsPartOfProject Value="True"/>
        <UnitName Value="stm32f103fw"/>
        <EditorIndex Value="4"/>
        <WindowIndex Value="0"/>
        <TopLine Value="1"/>
        <CursorPos X="1" Y="1"/>
        <UsageCount Value="20"/>
        <Loaded Value="True"/>
      </Unit5>
      <Unit6>
        <Filename Value="arduino_compat.pas"/>
        <IsPartOfProject Value="True"/>
        <UnitName Value="Arduino_compat"/>
        <EditorIndex Value="5"/>
        <WindowIndex Value="0"/>
        <TopLine Value="1"/>
        <CursorPos X="1" Y="1"/>
        <UsageCount Value="20"/>
        <Loaded Value="True"/>
      </Unit6>
      <Unit7>
        <Filename Value="main.pas"/>
        <IsPartOfProject Value="True"/>
        <UnitName Value="main"/>
        <EditorIndex Value="6"/>
        <WindowIndex Value="0"/>
        <TopLine Value="1"/>
        <CursorPos X="1" Y="1"/>
        <UsageCount Value="20"/>
        <Loaded Value="True"/>
      </Unit7>
      <Unit8>
        <Filename Value="nrf24l01.pas"/>
        <IsPartOfProject Value="True"/>
        <UnitName Value="NRF24L01"/>
        <EditorIndex Value="7"/>
        <WindowIndex Value="0"/>
        <TopLine Value="1"/>
        <CursorPos X="1" Y="1"/>
        <UsageCount Value="20"/>
        <Loaded Value="True"/>
      </Unit8>
      <Unit9>
        <Filename Value="gpio.pas"/>
        <IsPartOfProject Value="True"/>
        <UnitName Value="gpio"/>
        <EditorIndex Value="8"/>
        <WindowIndex Value="0"/>
        <TopLine Value="1"/>
        <CursorPos X="1" Y="1"/>
        <UsageCount Value="20"/>
        <Loaded Value="True"/>
      </Unit9>
      <Unit10>
        <Filename Value="gdb_init.txt"/>
        <IsPartOfProject Value="True"/>
        <EditorIndex Value="9"/>
        <WindowIndex Value="0"/>
        <TopLine Value="1"/>
        <CursorPos X="1" Y="1"/>
        <UsageCount Value="20"/>
        <Loaded Value="True"/>
        <DefaultSyntaxHighlighter Value="None"/>
      </Unit10>
      <Unit11>
        <Filename Value="interrupts.pas"/>
        <IsPartOfProject Value="True"/>
        <UnitName Value="interrupts"/>
        <EditorIndex Value="10"/>
        <WindowIndex Value="0"/>
        <TopLine Value="1"/>
        <CursorPos X="1" Y="1"/>
        <UsageCount Value="20"/>
        <Loaded Value="True"/>
      </Unit11>
      <Unit12>
        <Filename Value="hwspi.pas"/>
        <IsPartOfProject Value="True"/>
        <UnitName Value="HWSPI"/>
        <EditorIndex Value="11"/>
        <WindowIndex Value="0"/>
        <TopLine Value="1"/>
        <CursorPos X="1" Y="1"/>
        <UsageCount Value="20"/>
        <Loaded Value="True"/>
      </Unit12>
    </Units>
  </ProjectOptions>
  <CompilerOptions>
    <Version Value="11"/>
    <Target>
      <Filename Value="Release/$NameOnly($ProjFile())"/>
    </Target>
    <SearchPaths>
      <IncludeFiles Value="$(ProjOutDir)"/>
      <UnitOutputDirectory Value="Release/$(TargetCPU)-$(TargetOS)"/>
      <SrcPath Value="../../Scaricati/fpc/fpc-3.1.1/rtl;../../Scaricati/fpc/fpc-3.1.1/rtl/embedded;../../Scaricati/fpc/fpc-3.1.1/rtl/embedded/arm;../../Scaricati/fpc/fpc-3.1.1/rtl/objpas"/>
    </SearchPaths>
    <Parsing>
      <SyntaxOptions>
        <UseAnsiStrings Value="False"/>
      </SyntaxOptions>
    </Parsing>
    <CodeGeneration>
      <TargetCPU Value="arm"/>
      <TargetOS Value="embedded"/>
      <Optimizations>
        <OptimizationLevel Value="3"/>
      </Optimizations>
      <SmallerCode Value="True"/>
    </CodeGeneration>
    <Linking>
      <Debugging>
        <GenerateDebugInfo Value="False"/>
        <UseLineInfoUnit Value="False"/>
        <StripSymbols Value="True"/>
      </Debugging>
      <LinkSmart Value="True"/>
    </Linking>
    <Other>
      <CompilerMessages>
        <MsgFileName Value=""/>
      </CompilerMessages>
      <CustomOptions Value="-Cparmv7m 
-Wpstm32f103x8 
-XParm-none-eabi-
-OoNOSTACKFRAME"/>
      <CompilerPath Value="$(CompPath)"/>
      <ExecuteAfter>
        <Command Value="arm-none-eabi-size $TargetFile().elf"/>
        <ShowAllMessages Value="True"/>
        <CompileReasons Run="False"/>
      </ExecuteAfter>
    </Other>
  </CompilerOptions>
  <Debugging>
    <Exceptions Count="3">
      <Item1>
        <Name Value="EAbort"/>
      </Item1>
      <Item2>
        <Name Value="ECodetoolError"/>
      </Item2>
      <Item3>
        <Name Value="EFOpenError"/>
      </Item3>
    </Exceptions>
  </Debugging>
  <EditorMacros Count="0"/>
</CONFIG>
